
Microsoft Visual Studio Solution File, Format Version 12.00
# Visual Studio 15
Project("{FAE04EC0-301F-11D3-BF4B-00C04F79EFBC}") = "Assembly-CSharp", "Assembly-CSharp.csproj", "{5E2ADA73-4101-43F2-DDF4-A959B723D018}"
EndProject
Project("{FAE04EC0-301F-11D3-BF4B-00C04F79EFBC}") = "Boxophobic.Utils.Scripts", "Boxophobic.Utils.Scripts.csproj", "{19AE6ECC-1DDF-8A14-E216-B0EDE33AF2DB}"
EndProject
Project("{FAE04EC0-301F-11D3-BF4B-00C04F79EFBC}") = "Boxophobic.Utils.Editor", "Boxophobic.Utils.Editor.csproj", "{D118B3FF-EB34-16F2-D2DB-A1051B5238EB}"
EndProject
Project("{FAE04EC0-301F-11D3-BF4B-00C04F79EFBC}") = "Boxophobic.SkyboxCubemapExtended.Editor", "Boxophobic.SkyboxCubemapExtended.Editor.csproj", "{4096DBD0-C56E-F422-9485-AB4D2D7217EA}"
EndProject
Global
	GlobalSection(SolutionConfigurationPlatforms) = preSolution
		Debug|Any CPU = Debug|Any CPU
		Release|Any CPU = Release|Any CPU
	EndGlobalSection
	GlobalSection(ProjectConfigurationPlatforms) = postSolution
		{5E2ADA73-4101-43F2-DDF4-A959B723D018}.Debug|Any CPU.ActiveCfg = Debug|Any CPU
		{5E2ADA73-4101-43F2-DDF4-A959B723D018}.Debug|Any CPU.Build.0 = Debug|Any CPU
		{5E2ADA73-4101-43F2-DDF4-A959B723D018}.Release|Any CPU.ActiveCfg = Release|Any CPU
		{5E2ADA73-4101-43F2-DDF4-A959B723D018}.Release|Any CPU.Build.0 = Release|Any CPU
		{19AE6ECC-1DDF-8A14-E216-B0EDE33AF2DB}.Debug|Any CPU.ActiveCfg = Debug|Any CPU
		{19AE6ECC-1DDF-8A14-E216-B0EDE33AF2DB}.Debug|Any CPU.Build.0 = Debug|Any CPU
		{19AE6ECC-1DDF-8A14-E216-B0EDE33AF2DB}.Release|Any CPU.ActiveCfg = Release|Any CPU
		{19AE6ECC-1DDF-8A14-E216-B0EDE33AF2DB}.Release|Any CPU.Build.0 = Release|Any CPU
		{D118B3FF-EB34-16F2-D2DB-A1051B5238EB}.Debug|Any CPU.ActiveCfg = Debug|Any CPU
		{D118B3FF-EB34-16F2-D2DB-A1051B5238EB}.Debug|Any CPU.Build.0 = Debug|Any CPU
		{D118B3FF-EB34-16F2-D2DB-A1051B5238EB}.Release|Any CPU.ActiveCfg = Release|Any CPU
		{D118B3FF-EB34-16F2-D2DB-A1051B5238EB}.Release|Any CPU.Build.0 = Release|Any CPU
		{4096DBD0-C56E-F422-9485-AB4D2D7217EA}.Debug|Any CPU.ActiveCfg = Debug|Any CPU
		{4096DBD0-C56E-F422-9485-AB4D2D7217EA}.Debug|Any CPU.Build.0 = Debug|Any CPU
		{4096DBD0-C56E-F422-9485-AB4D2D7217EA}.Release|Any CPU.ActiveCfg = Release|Any CPU
		{4096DBD0-C56E-F422-9485-AB4D2D7217EA}.Release|Any CPU.Build.0 = Release|Any CPU
	EndGlobalSection
	GlobalSection(SolutionProperties) = preSolution
		HideSolutionNode = FALSE
	EndGlobalSection
EndGlobal
